<?xml version="1.0" encoding="utf-8"?>
<Project ToolsVersion="4.0" xmlns="http://schemas.microsoft.com/developer/msbuild/2003">
  <ItemGroup>
    <Filter Include="Source Files">
      <UniqueIdentifier>{4FC737F1-C7A5-4376-A066-2A32D752A2FF}</UniqueIdentifier>
      <Extensions>cpp;c;cc;cxx;c++;cppm;ixx;def;odl;idl;hpj;bat;asm;asmx</Extensions>
    </Filter>
    <Filter Include="Header Files">
      <UniqueIdentifier>{93995380-89BD-4b04-88EB-625FBE52EBFB}</UniqueIdentifier>
      <Extensions>h;hh;hpp;hxx;h++;hm;inl;inc;ipp;xsd</Extensions>
    </Filter>
    <Filter Include="Resource Files">
      <UniqueIdentifier>{67DA6AB6-F800-4c08-8B7A-83BB121AAD01}</UniqueIdentifier>
      <Extensions>rc;ico;cur;bmp;dlg;rc2;rct;bin;rgs;gif;jpg;jpeg;jpe;resx;tiff;tif;png;wav;mfcribbon-ms</Extensions>
    </Filter>
    <Filter Include="Source Files\Controllers">
      <UniqueIdentifier>{b95bf812-d917-45f0-bcff-924a5be22035}</UniqueIdentifier>
    </Filter>
    <Filter Include="Source Files\Services">
      <UniqueIdentifier>{973c600c-9b59-4e77-9dc9-5c936c5e88ba}</UniqueIdentifier>
    </Filter>
    <Filter Include="Source Files\Handlers">
      <UniqueIdentifier>{c6ea9b84-cc3e-45e9-9623-7b716ddf239d}</UniqueIdentifier>
    </Filter>
    <Filter Include="Source Files\Models">
      <UniqueIdentifier>{f13cb44f-396c-4ac0-8537-4f3435b74f25}</UniqueIdentifier>
    </Filter>
    <Filter Include="Header Files\Models">
      <UniqueIdentifier>{4ab18472-96b8-46f1-b238-72917e1ee314}</UniqueIdentifier>
    </Filter>
    <Filter Include="Header Files\Services">
      <UniqueIdentifier>{deb898f8-9f7b-45a2-a025-c8035ebd7474}</UniqueIdentifier>
    </Filter>
    <Filter Include="Header Files\Controller">
      <UniqueIdentifier>{c0d50f77-c1a9-4f20-97a8-a276db231d24}</UniqueIdentifier>
    </Filter>
  </ItemGroup>
  <ItemGroup>
    <ClCompile Include="ChatAppServer.cpp">
      <Filter>Source Files</Filter>
    </ClCompile>
    <ClCompile Include="Models\Message.cpp">
      <Filter>Source Files\Models</Filter>
    </ClCompile>
    <ClCompile Include="Models\User.cpp">
      <Filter>Source Files\Models</Filter>
    </ClCompile>
    <ClCompile Include="Services\GeneratorUuid.cpp">
      <Filter>Source Files\Services</Filter>
    </ClCompile>
    <ClCompile Include="Controllers\SshServer.cpp">
      <Filter>Source Files\Controllers</Filter>
    </ClCompile>
    <ClCompile Include="Services\Logger.cpp">
      <Filter>Source Files\Services</Filter>
    </ClCompile>
  </ItemGroup>
  <ItemGroup>
    <ClInclude Include="Models\Message.h">
      <Filter>Header Files\Models</Filter>
    </ClInclude>
    <ClInclude Include="Models\User.h">
      <Filter>Header Files\Models</Filter>
    </ClInclude>
    <ClInclude Include="Services\GeneratorUuid.h">
      <Filter>Header Files\Services</Filter>
    </ClInclude>
    <ClInclude Include="Controllers\SshServer.h">
      <Filter>Header Files\Controller</Filter>
    </ClInclude>
    <ClInclude Include="Services\Logger.h">
      <Filter>Header Files\Services</Filter>
    </ClInclude>
  </ItemGroup>
  <ItemGroup>
    <None Include="packages.config" />
  </ItemGroup>
</Project>